
Microsoft Visual Studio Solution File, Format Version 12.00
# Visual Studio Version 16
VisualStudioVersion = 16.0.30225.117
MinimumVisualStudioVersion = 10.0.40219.1
Project("{FAE04EC0-301F-11D3-BF4B-00C04F79EFBC}") = "ERPAssitant", "ERPAssitant\ERPAssitant.csproj", "{087833A4-B50F-4BF3-A806-F09FC863C148}"
EndProject
Global
	GlobalSection(SolutionConfigurationPlatforms) = preSolution
		Debug|Any CPU = Debug|Any CPU
		Release|Any CPU = Release|Any CPU
	EndGlobalSection
	GlobalSection(ProjectConfigurationPlatforms) = postSolution
		{087833A4-B50F-4BF3-A806-F09FC863C148}.Debug|Any CPU.ActiveCfg = Debug|Any CPU
		{087833A4-B50F-4BF3-A806-F09FC863C148}.Debug|Any CPU.Build.0 = Debug|Any CPU
		{087833A4-B50F-4BF3-A806-F09FC863C148}.Release|Any CPU.ActiveCfg = Release|Any CPU
		{087833A4-B50F-4BF3-A806-F09FC863C148}.Release|Any CPU.Build.0 = Release|Any CPU
	EndGlobalSection
	GlobalSection(SolutionProperties) = preSolution
		HideSolutionNode = FALSE
	EndGlobalSection
	GlobalSection(ExtensibilityGlobals) = postSolution
		SolutionGuid = {6D523B63-EFBD-4F8B-911B-1ED95E716166}
	EndGlobalSection
EndGlobal
